# This file is generated by running "yarn install" inside your project.
# Manual changes might be lost - proceed with caution!

__metadata:
  version: 4
  cacheKey: 4

"@zeit/schemas@npm:2.6.0":
  version: 2.6.0
  resolution: "@zeit/schemas@npm:2.6.0"
  checksum: 0e015fadf7006c8e4d134148321212e6179f8ed94ca41488a10178b3fbe78eb3a13d540f8b19d7438be48315b369ffd0fc6c0e222417b30b412a4409a911cc99
  languageName: node
  linkType: hard

"accepts@npm:~1.3.5":
  version: 1.3.7
  resolution: "accepts@npm:1.3.7"
  dependencies:
    mime-types: ~2.1.24
    negotiator: 0.6.2
  checksum: 2686fa30dbc850db1bf458dc8171fba13c54ed6cb25f4298ec7c2f88b8dfc50351f25c40abe3a948e4ec7a0cc8ea83d1c55c2f73ffa612d18840a8778d4a2ee0
  languageName: node
  linkType: hard

"ajv@npm:6.5.3":
  version: 6.5.3
  resolution: "ajv@npm:6.5.3"
  dependencies:
    fast-deep-equal: ^2.0.1
    fast-json-stable-stringify: ^2.0.0
    json-schema-traverse: ^0.4.1
    uri-js: ^4.2.2
  checksum: 8ea3290d534eb2b82cb59f98caef9cb267d3e05e6eb5e7ca9f81d50d490ea427ca8d2b55ba92e0425a2a9e7f61342d48964ba044c3829d3d25b30415132c93cc
  languageName: node
  linkType: hard

"ansi-align@npm:^2.0.0":
  version: 2.0.0
  resolution: "ansi-align@npm:2.0.0"
  dependencies:
    string-width: ^2.0.0
  checksum: acd73a693a39a0cbc8f9f34528f685fa881a720de8ca5d9b65266486ed7dfb158918a8198fa0ef29c24b10c121ad677d42255232073593ab15631d547e47ba73
  languageName: node
  linkType: hard

"ansi-regex@npm:^3.0.0":
  version: 3.0.0
  resolution: "ansi-regex@npm:3.0.0"
  checksum: 2e3c40d42904366e4a1a7b906ea3ae7968179a50916dfa0fd3e59fd12333c5d95970a9a59067ac3406d97c78784d591f0b841a4efd365dafb261327ae1ea3478
  languageName: node
  linkType: hard

"ansi-styles@npm:^3.2.1":
  version: 3.2.1
  resolution: "ansi-styles@npm:3.2.1"
  dependencies:
    color-convert: ^1.9.0
  checksum: 456e1c23d9277512a47718da75e7fbb0a5ee215ef893c2f76d6b3efe8fceabc861121b80b0362146f5f995d21a1633f05a19bbf6283ae66ac11dc3b9c0bed779
  languageName: node
  linkType: hard

"arch@npm:^2.1.0":
  version: 2.1.2
  resolution: "arch@npm:2.1.2"
  checksum: bb32fafdc3a30689ab1ab32775dc35c26db1707189a14cd459ec875267844cf2f75fa3c510fc1339d0930954175a041151e8ffe6eab1d1f9755c94a527ccf007
  languageName: node
  linkType: hard

"arg@npm:2.0.0":
  version: 2.0.0
  resolution: "arg@npm:2.0.0"
  checksum: 2601e7335979395180e9cbfbff7512df1e967c8ce7b19cef19d0e2897e18cbacf832aef13b35b337cb94857f3ef45e800955d271363e3652174df87943d63297
  languageName: node
  linkType: hard

"balanced-match@npm:^1.0.0":
  version: 1.0.0
  resolution: "balanced-match@npm:1.0.0"
  checksum: f515a605fe1b59f476f7477c5e1d53ad55b4f42982fca1d57b6701906f4ad1f1ac90fd6587d92cc1af2edb43eecf979214dd847ee410a6de9db4ebf0dd128d62
  languageName: node
  linkType: hard

"boxen@npm:1.3.0":
  version: 1.3.0
  resolution: "boxen@npm:1.3.0"
  dependencies:
    ansi-align: ^2.0.0
    camelcase: ^4.0.0
    chalk: ^2.0.1
    cli-boxes: ^1.0.0
    string-width: ^2.0.0
    term-size: ^1.2.0
    widest-line: ^2.0.0
  checksum: 1e402785f9bd5994d0679adb98fd4137200553bbc14073aefa9e5f4fa9b001b713561c978e3976cebc520a25e3eb4babd2288b7fa8dfe28b5cf041e8dedec1c2
  languageName: node
  linkType: hard

"brace-expansion@npm:^1.1.7":
  version: 1.1.11
  resolution: "brace-expansion@npm:1.1.11"
  dependencies:
    balanced-match: ^1.0.0
    concat-map: 0.0.1
  checksum: 4c878e25e4858baf801945dfd63eb68feab2e502cf1122f25f3915c0e3bf397af3a93ff6bef0798db41c0d81ef28c08e55daac38058710f749a3b96eee6b8f40
  languageName: node
  linkType: hard

"bytes@npm:3.0.0":
  version: 3.0.0
  resolution: "bytes@npm:3.0.0"
  checksum: 98d6c0ab36f7a5527226fd928e65495ffd3d53cb22da627eba3300eed36bd283ae3dfdf3a0aa017df13a09115b5b8847e3d51f66c2f0304a262264c86a317c05
  languageName: node
  linkType: hard

"camelcase@npm:^4.0.0":
  version: 4.1.0
  resolution: "camelcase@npm:4.1.0"
  checksum: 6ca41b5114ef3683013fb51cf9a11c60dcfeef90ceb0075c2d77b7455819e2acdcc7fb5c033314f862212acb23056f1774879dfc580938a9a27ecc345856d1a3
  languageName: node
  linkType: hard

"chalk@npm:2.4.1, chalk@npm:^2.0.1":
  version: 2.4.1
  resolution: "chalk@npm:2.4.1"
  dependencies:
    ansi-styles: ^3.2.1
    escape-string-regexp: ^1.0.5
    supports-color: ^5.3.0
  checksum: 4622cdba475f17904bf025e38bcdee324e5289a5d677d2d3a8ec57a7ca5d71a1a7d7db633c15ab71bab96cc54607841162ebbae64f7beb4fb07c5df0bb452199
  languageName: node
  linkType: hard

"cli-boxes@npm:^1.0.0":
  version: 1.0.0
  resolution: "cli-boxes@npm:1.0.0"
  checksum: 1227f15d826bd7d192dfa8ccb1013027739b1d60336de540abc957d4664a047c7dc5d1aa8f39633adcc0bc01f48201dfc9fe198a115dbae874794a9048db9840
  languageName: node
  linkType: hard

"clipboardy@npm:1.2.3":
  version: 1.2.3
  resolution: "clipboardy@npm:1.2.3"
  dependencies:
    arch: ^2.1.0
    execa: ^0.8.0
  checksum: 3eb91f63059260a8e4040d5760107355eda2d9213e2ddf05c2dcfdf9a22dcc475d4e21a3045494b11c8cdae949a747c198b7b6cdd5003701c38b2bb420caf756
  languageName: node
  linkType: hard

"color-convert@npm:^1.9.0":
  version: 1.9.3
  resolution: "color-convert@npm:1.9.3"
  dependencies:
    color-name: 1.1.3
  checksum: 5f244daa3d1fe1f216d48878c550465067d15268688308554e613b7640a068f96588096d51f0b98b68f15d6ff6bb8ad24e172582ac8c0ad43fa4d3da60fd1b79
  languageName: node
  linkType: hard

"color-name@npm:1.1.3":
  version: 1.1.3
  resolution: "color-name@npm:1.1.3"
  checksum: d8b91bb90aefc05b6ff568cf8889566dcc6269824df6f3c9b8ca842b18d7f4d089c07dc166808d33f22092d4a79167aa56a96a5ff0d21efab548bf44614db43b
  languageName: node
  linkType: hard

"compressible@npm:~2.0.14":
  version: 2.0.18
  resolution: "compressible@npm:2.0.18"
  dependencies:
    mime-db: ">= 1.43.0 < 2"
  checksum: 8ac178b6ef4f72adc51e495f23f7212a4764395dde24e476046cca1db988859eef96453e11563bcf40d1bf74469cdd7db29539fd4ac553577d9812d3f112fada
  languageName: node
  linkType: hard

"compression@npm:1.7.3":
  version: 1.7.3
  resolution: "compression@npm:1.7.3"
  dependencies:
    accepts: ~1.3.5
    bytes: 3.0.0
    compressible: ~2.0.14
    debug: 2.6.9
    on-headers: ~1.0.1
    safe-buffer: 5.1.2
    vary: ~1.1.2
  checksum: 20599747a7a6b0855e362428d382d4edcd226cea682d20c6e33a7768fb448b2f8b4974f18c5e27fa6abfbbb193aba1ef0b7db87bd7cea24a7d5f7c216573e1fe
  languageName: node
  linkType: hard

"concat-map@npm:0.0.1":
  version: 0.0.1
  resolution: "concat-map@npm:0.0.1"
  checksum: 554e28d9ee5aa6e061795473ee092cb3d3a2cbdb76c35416e0bb6e03f136d7d07676da387b2ed0ec4106cedbb6534080d9abc48ecc4a92b76406cf2d0c3c0c4b
  languageName: node
  linkType: hard

"content-disposition@npm:0.5.2":
  version: 0.5.2
  resolution: "content-disposition@npm:0.5.2"
  checksum: 5d54ba7c9a6e865d1fea321e43d9e56be091aa20706f4632a236ebe7824ed3cb0eac314b80e76a9db2092d287d69add03efcaf743068ee0be1f71159c14a134c
  languageName: node
  linkType: hard

"cross-spawn@npm:^5.0.1":
  version: 5.1.0
  resolution: "cross-spawn@npm:5.1.0"
  dependencies:
    lru-cache: ^4.0.1
    shebang-command: ^1.2.0
    which: ^1.2.9
  checksum: 96018c42a94a2f69e27c11688db638c343109e4eda5cc6586a83a1d2f102ef2ef4d184919593036748d386ddb67cc3e66658fefec85a4659958cde792f1a9ddc
  languageName: node
  linkType: hard

"debug@npm:2.6.9":
  version: 2.6.9
  resolution: "debug@npm:2.6.9"
  dependencies:
    ms: 2.0.0
  checksum: 559f44f98cf25e2ee489022aec173afbff746564cb108c4493becb95bc3c017a67bdaa25a0ff64801fd32c35051d00af0e56cc7f762ae2c3bc089496e5a1c31b
  languageName: node
  linkType: hard

"deep-extend@npm:^0.6.0":
  version: 0.6.0
  resolution: "deep-extend@npm:0.6.0"
  checksum: 856d7f52db152c19fc5a70439ea938461cfb9338a632496fe370050dc73d3291cd76fc6713f604a5c126612dee9cac0f6da1d4b88ba4b0caa4f7214345879b89
  languageName: node
  linkType: hard

"escape-string-regexp@npm:^1.0.5":
  version: 1.0.5
  resolution: "escape-string-regexp@npm:1.0.5"
  checksum: f9484b8b4c8827d816e0fd905c25ed4b561376a9c220e1430403ea84619bf680c76a883a48cff8b8e091daf55d6a497e37479f9787b9f15f3c421b6054289744
  languageName: node
  linkType: hard

"execa@npm:^0.7.0":
  version: 0.7.0
  resolution: "execa@npm:0.7.0"
  dependencies:
    cross-spawn: ^5.0.1
    get-stream: ^3.0.0
    is-stream: ^1.1.0
    npm-run-path: ^2.0.0
    p-finally: ^1.0.0
    signal-exit: ^3.0.0
    strip-eof: ^1.0.0
  checksum: 7210f5334e5da185365eccc129bedb2f7dc6e5872fb1f09f36fc603e32790d79bfad61ddc6219d057d7fa65c69c17025cdb51b859e7d5a64e94d261ddbbbf260
  languageName: node
  linkType: hard

"execa@npm:^0.8.0":
  version: 0.8.0
  resolution: "execa@npm:0.8.0"
  dependencies:
    cross-spawn: ^5.0.1
    get-stream: ^3.0.0
    is-stream: ^1.1.0
    npm-run-path: ^2.0.0
    p-finally: ^1.0.0
    signal-exit: ^3.0.0
    strip-eof: ^1.0.0
  checksum: 1a5fd2f5702b1c47605ed06836acdd8b7dafa1cdd39c517ef1414fc3e94ccc93f605d285edbafc8ad9e36992b27a386f529bfeb5434509f800d03896be2dd09f
  languageName: node
  linkType: hard

"fast-deep-equal@npm:^2.0.1":
  version: 2.0.1
  resolution: "fast-deep-equal@npm:2.0.1"
  checksum: ad315b79abe335f25271821447bdbbca5d7a6e5930da498fbb2628d28399e958a679adddbb665f5b2943bfd83d9dd375ac5fb45e9004c9516177008ebb7efc16
  languageName: node
  linkType: hard

"fast-json-stable-stringify@npm:^2.0.0":
  version: 2.1.0
  resolution: "fast-json-stable-stringify@npm:2.1.0"
  checksum: 7df3fabfe445d65953b2d9d9d3958bd895438b215a40fb87dae8b2165c5169a897785eb5d51e6cf0eb03523af756e3d82ea01083f6ac6341fe16db532fee3016
  languageName: node
  linkType: hard

"fast-url-parser@npm:1.1.3":
  version: 1.1.3
  resolution: "fast-url-parser@npm:1.1.3"
  dependencies:
    punycode: ^1.3.2
  checksum: 8dbc306b736e32963fe4391a581401c422d826497ce5cacf6e7c60525febfbcea477fbc5b012fe3316f6634a20fa00882168c5ed792ff3ef904c5bc6a11a598d
  languageName: node
  linkType: hard

"get-stream@npm:^3.0.0":
  version: 3.0.0
  resolution: "get-stream@npm:3.0.0"
  checksum: 83ed722c1b43b3889f12cc4530d663b282a6fee915856d0c7122138d4864a3db54d252df2f9de032d1a2bb6b5a807083954992e583180b500013b2351fb5f440
  languageName: node
  linkType: hard

"has-flag@npm:^3.0.0":
  version: 3.0.0
  resolution: "has-flag@npm:3.0.0"
  checksum: 63aade480d27aeedb3b5b63a2e069d47d0006bf182338d662e7941cdc024e68a28418e0efa8dc5df30db9c4ee2407f39e6ea3f16cfbc6b83848b450826a28aa0
  languageName: node
  linkType: hard

"ini@npm:~1.3.0":
  version: 1.3.5
  resolution: "ini@npm:1.3.5"
  checksum: 304a78d1e0ec49c6dc316b6a21bee5340ba85159c6581235b26a4cf27e2bac5f66f2c8f0e074ceaf3c48085f89fb974691cbf812df2128d2d74c5ef726d1b19a
  languageName: node
  linkType: hard

"intermine-data-browser@workspace:.":
  version: 0.0.0-use.local
  resolution: "intermine-data-browser@workspace:."
  dependencies:
    serve: ^11.3.2
  languageName: unknown
  linkType: soft

"is-fullwidth-code-point@npm:^2.0.0":
  version: 2.0.0
  resolution: "is-fullwidth-code-point@npm:2.0.0"
  checksum: e1e5284f848ab6885665967cd768292a75022304d4401e78937a68f423047c29bfe87a43a9cdb67a3210fff7bcd5da51469122a0eff59b03261c379e58dbe921
  languageName: node
  linkType: hard

"is-stream@npm:^1.1.0":
  version: 1.1.0
  resolution: "is-stream@npm:1.1.0"
  checksum: 39843ee9ff68ebda05237199f18831eb6e0e28db7799ee9ddaac5573b0681f18b4dc427afdb7b7ad906db545e4648999c42a1810b277acc8451593ff59da00fa
  languageName: node
  linkType: hard

"isexe@npm:^2.0.0":
  version: 2.0.0
  resolution: "isexe@npm:2.0.0"
  checksum: 7b437980bb77881a146fba85cfbdf01edc2b148673e9c2722a1e49661fea73adf524430a80fdbfb8ce9f60d43224e682c657c45030482bd39e0c488fc29b4afe
  languageName: node
  linkType: hard

"json-schema-traverse@npm:^0.4.1":
  version: 0.4.1
  resolution: "json-schema-traverse@npm:0.4.1"
  checksum: 6f71bddba38aa043cf9c05ff9cf37158a6657909f1dd37032ba164b76923da47a17bb4592ee4f7f9c029dfaf26965b821ac214c1f991bb3bd038c9cfea2da50b
  languageName: node
  linkType: hard

"lru-cache@npm:^4.0.1":
  version: 4.1.5
  resolution: "lru-cache@npm:4.1.5"
  dependencies:
    pseudomap: ^1.0.2
    yallist: ^2.1.2
  checksum: 6a098d23629357451d4324e1e4fefccdd6df316df29e25571c6148220ced923258381ebeafdf919f90e28c780b650427390582618c1d5fe097873e656d062511
  languageName: node
  linkType: hard

"mime-db@npm:1.44.0, mime-db@npm:>= 1.43.0 < 2":
  version: 1.44.0
  resolution: "mime-db@npm:1.44.0"
  checksum: b4e3b2141418572fba9786f7e36324faef15e23032ad0871f56760cb304ee721ba4c8cc795d3c1cac69a2a8b94045c1d6b08c4a8d1ef6ba1226a3a5193915c57
  languageName: node
  linkType: hard

"mime-db@npm:~1.33.0":
  version: 1.33.0
  resolution: "mime-db@npm:1.33.0"
  checksum: f33acedd5b2bfd57fe987aa01c209abd3c6f762c6746c2a1ffefa77f8c10d39a2af9a591bd44f39f8d42a5ee30e43407cfd8535392773f211c2c7d7b6def90d4
  languageName: node
  linkType: hard

"mime-types@npm:2.1.18":
  version: 2.1.18
  resolution: "mime-types@npm:2.1.18"
  dependencies:
    mime-db: ~1.33.0
  checksum: f1e2fed4f9d04a0d158c48b42f8ac5f1a655b27399674f7bd9f16e6784221ec4c2d30b20f24174f741ee6aa2556170f63b3ec9f51cb4e99e0a04c56799c8317c
  languageName: node
  linkType: hard

"mime-types@npm:~2.1.24":
  version: 2.1.27
  resolution: "mime-types@npm:2.1.27"
  dependencies:
    mime-db: 1.44.0
  checksum: 51fe2f2c08c10ac7a2f67e2ce5de30f6500faa88d095418a1ab6e90e30960db7c682a8ecce60d3d4e293ac52c4700ca99399833db998ea9ec83d6f0503b70a94
  languageName: node
  linkType: hard

"minimatch@npm:3.0.4":
  version: 3.0.4
  resolution: "minimatch@npm:3.0.4"
  dependencies:
    brace-expansion: ^1.1.7
  checksum: 47eab9263962cacd5733e274ecad2d8e54b0f8e124ba35ae69189e296058f634a4967b87a98954f86fa5c830ff177caf827ce0136d28717ed3232951fb4fae62
  languageName: node
  linkType: hard

"minimist@npm:^1.2.0":
  version: 1.2.5
  resolution: "minimist@npm:1.2.5"
  checksum: b77b8590147a4e217ff34266236bc39de23b52e6e33054076991ff674c7397a1380a7bde11111916f16f003a94aaa7e4f3d92595a32189644ff607fabc65a5b6
  languageName: node
  linkType: hard

"ms@npm:2.0.0":
  version: 2.0.0
  resolution: "ms@npm:2.0.0"
  checksum: 1a230340cc7f322fbe916783d8c8d60455407c6b7fb7f901d6ee34eb272402302c5c7f070a97b8531245cbb4ca6a0a623f6a128d7e5a5440cefa2c669c0b35bb
  languageName: node
  linkType: hard

"negotiator@npm:0.6.2":
  version: 0.6.2
  resolution: "negotiator@npm:0.6.2"
  checksum: 4b230bd15f0862d16c54ce0243fcfcf835ad59c8e58c467b4504dd28c9868cff71ff485b02cc575dc69dca819b58a1fadc9fb28403f45721f38a8fffde007d54
  languageName: node
  linkType: hard

"npm-run-path@npm:^2.0.0":
  version: 2.0.2
  resolution: "npm-run-path@npm:2.0.2"
  dependencies:
    path-key: ^2.0.0
  checksum: 0a1bc9a1e0faa7e54a011929b830121d5da393f50cbe37c83f3ffd67781b6d176739ba6e8eab5d56faa05738a60f7eb50389673767db0dc887073932f80b9b60
  languageName: node
  linkType: hard

"on-headers@npm:~1.0.1":
  version: 1.0.2
  resolution: "on-headers@npm:1.0.2"
  checksum: 51e75c80755169e765aa76238722e5ad1623f62b13bbc23544ade20cdbb6950cf0e6aa91de35d02ec956f47dc072ee460d8eef82354e4abf8fa692885cb3f2d8
  languageName: node
  linkType: hard

"p-finally@npm:^1.0.0":
  version: 1.0.0
  resolution: "p-finally@npm:1.0.0"
  checksum: 01f49b2d9c67573b3a1cb253cd9e1ecf5c912b6ba5de8824118bbc8d647bfa6296820b5a536e91ec68a54395d4e1c58de9a381ded3b688074fb446a8fe351931
  languageName: node
  linkType: hard

"path-is-inside@npm:1.0.2":
  version: 1.0.2
  resolution: "path-is-inside@npm:1.0.2"
  checksum: 9c1841199d18398ee5f6d79f57eaa57f8eb85743353ea97c6d933423f246f044575a10c1847c638c36440b050aef82665b9cb4fc60950866cd239f3d51835ef4
  languageName: node
  linkType: hard

"path-key@npm:^2.0.0":
  version: 2.0.1
  resolution: "path-key@npm:2.0.1"
  checksum: 7dc807a2baa11d6bc0fca72148a0a0ca69ab73d98fbe42e10d22764d1ef547767f2b4ff827c6bc66e733388cd8d54297a45a39499825b9fdfd18959202384029
  languageName: node
  linkType: hard

"path-to-regexp@npm:2.2.1":
  version: 2.2.1
  resolution: "path-to-regexp@npm:2.2.1"
  checksum: 1f9be3a4100c23f845892406bcdfcf79d62044ce24c1c50dca28719123ce7d338ac584e98d21d23eef2702754925511812e768523e59916777ec1f444438d9a4
  languageName: node
  linkType: hard

"pseudomap@npm:^1.0.2":
  version: 1.0.2
  resolution: "pseudomap@npm:1.0.2"
  checksum: 1ad1802645e830d99f9c1db97efc6902d2316b660454633229f636dd59e751d00498dd325d3b18d49f2be990a2c9d28f8bfe6f9b544a8220a5faa2bfb4694bb7
  languageName: node
  linkType: hard

"punycode@npm:^1.3.2":
  version: 1.4.1
  resolution: "punycode@npm:1.4.1"
  checksum: 5ce1e044cee2b12f1c65ccd523d7e71d6578f2c77f5c21c2e7a9d588535559c9508571d42638c131dab93cbe9a7b37bce1a7475d43fc8236c99dfe1efc36cfa5
  languageName: node
  linkType: hard

"punycode@npm:^2.1.0":
  version: 2.1.1
  resolution: "punycode@npm:2.1.1"
  checksum: 0202dc191cb35bfd88870ac99a1e824b03486d4cee20b543ef337a6dee8d8b11017da32a3e4c40b69b19976e982c030b62bd72bba42884acb691bc5ef91354c8
  languageName: node
  linkType: hard

"range-parser@npm:1.2.0":
  version: 1.2.0
  resolution: "range-parser@npm:1.2.0"
  checksum: 8260023192a5def4c6db4ced82e6546306937f1202417b846f2e8b565426e71697086f509a070f66fd23a57e9f96aba108f08d16d4be23d418c8c68a73b539bd
  languageName: node
  linkType: hard

"rc@npm:^1.0.1, rc@npm:^1.1.6":
  version: 1.2.8
  resolution: "rc@npm:1.2.8"
  dependencies:
    deep-extend: ^0.6.0
    ini: ~1.3.0
    minimist: ^1.2.0
    strip-json-comments: ~2.0.1
  bin:
    rc: ./cli.js
  checksum: ea2b7f7cee201a67923a2240de594a5d9b59bd312b814b06536d3d609a416dfd6fb9b85ea2abfd3b8a4eb5ed33eaff946ee75a8f2b7fb10941073c5cfee6b7a5
  languageName: node
  linkType: hard

"registry-auth-token@npm:3.3.2":
  version: 3.3.2
  resolution: "registry-auth-token@npm:3.3.2"
  dependencies:
    rc: ^1.1.6
    safe-buffer: ^5.0.1
  checksum: e23c360fd85760a9fb75bd9deea1dc4bf7d8d0cca995e267db40d748ef9d106ffc79d7dde36d9c29b5b76e49b10de79240748f8a411f75eaee74c10e65607739
  languageName: node
  linkType: hard

"registry-url@npm:3.1.0":
  version: 3.1.0
  resolution: "registry-url@npm:3.1.0"
  dependencies:
    rc: ^1.0.1
  checksum: f0bdf9be94c196506846ddc4cbb6a2aee1b90025c36739d1b309c2e9b2c765ab7900cb020e5ae1141f2300d3b2723efa8f24e907bc44f37adde595fbd1d30695
  languageName: node
  linkType: hard

"safe-buffer@npm:5.1.2, safe-buffer@npm:^5.0.1":
  version: 5.1.2
  resolution: "safe-buffer@npm:5.1.2"
  checksum: 2708587c1b5e70a5e420714ceb59f30f5791c6e831d39812125a008eca63a4ac18578abd020a0776ea497ff03b4543f2b2a223a7b9073bf2d6c7af9ec6829218
  languageName: node
  linkType: hard

"serve-handler@npm:6.1.3":
  version: 6.1.3
  resolution: "serve-handler@npm:6.1.3"
  dependencies:
    bytes: 3.0.0
    content-disposition: 0.5.2
    fast-url-parser: 1.1.3
    mime-types: 2.1.18
    minimatch: 3.0.4
    path-is-inside: 1.0.2
    path-to-regexp: 2.2.1
    range-parser: 1.2.0
  checksum: 493e7556ec53bc6c8616ffc58697d93c5ebc8ddeb38de39b5381140a8467bb720fbbd58fbe91de25ea9ccc98ce8b11131ccd7e160ddf891ca5199e7f1437cc18
  languageName: node
  linkType: hard

"serve@npm:^11.3.2":
  version: 11.3.2
  resolution: "serve@npm:11.3.2"
  dependencies:
    "@zeit/schemas": 2.6.0
    ajv: 6.5.3
    arg: 2.0.0
    boxen: 1.3.0
    chalk: 2.4.1
    clipboardy: 1.2.3
    compression: 1.7.3
    serve-handler: 6.1.3
    update-check: 1.5.2
  bin:
    serve: bin/serve.js
  checksum: b455b7e3e895f9b9cb4f1dd7430face76278770cf5dc0fffa89e7eac38ed955e5bc1e3f3f435bc4dd05fa0548a09cc6cdf7af5938da2b1b377af3a3080f9eca7
  languageName: node
  linkType: hard

"shebang-command@npm:^1.2.0":
  version: 1.2.0
  resolution: "shebang-command@npm:1.2.0"
  dependencies:
    shebang-regex: ^1.0.0
  checksum: 2a1e0092a6b80b14ec742ef4e982be8aa670edc7de3e8c68b26744fb535051f7d92518106387b52e9aabe0c1ceae33d23a7dfdb94c3d7f5035c3868b723a2854
  languageName: node
  linkType: hard

"shebang-regex@npm:^1.0.0":
  version: 1.0.0
  resolution: "shebang-regex@npm:1.0.0"
  checksum: cf1a41cb09023e7d39739d7145fcba57c3fabc6728b78ce706f7315cf52dfadf30f7eea664e069224fbcbbfb6ab853bc55ac45f494b47ee73fc209c98487fae5
  languageName: node
  linkType: hard

"signal-exit@npm:^3.0.0":
  version: 3.0.3
  resolution: "signal-exit@npm:3.0.3"
  checksum: f8f3fec95c8d1f9ad7e3cce07e1195f84e7a85cdcb4e825e8a2b76aa5406a039083d2bc9662b3cf40e6948262f41277047d20e6fbd58c77edced0b18fab647d8
  languageName: node
  linkType: hard

"string-width@npm:^2.0.0, string-width@npm:^2.1.1":
  version: 2.1.1
  resolution: "string-width@npm:2.1.1"
  dependencies:
    is-fullwidth-code-point: ^2.0.0
    strip-ansi: ^4.0.0
  checksum: 906b4887c39d247e9d12dfffb42bfe68655b52d27758eb13e069dce0f4cf2e7f82441dbbe44f7279298781e6f68e1c659451bd4d9e2bbe9d487a157ad14ae1bd
  languageName: node
  linkType: hard

"strip-ansi@npm:^4.0.0":
  version: 4.0.0
  resolution: "strip-ansi@npm:4.0.0"
  dependencies:
    ansi-regex: ^3.0.0
  checksum: 9ac63872c2ba5e8a946c6f3a9c1ab81db5b43bce0d24a33b016e5666d3efda421f721447a1962611053a3ca1595b8742b0216fcc25886958d4565b7afcd27013
  languageName: node
  linkType: hard

"strip-eof@npm:^1.0.0":
  version: 1.0.0
  resolution: "strip-eof@npm:1.0.0"
  checksum: 905cd8718ad2e7b3a9c4bc6a9ed409c38b8cef638845a9471884547de0dbe611828d584e749a38d3eebc2d3c830ea9c619d78875a639b7413d93080661807376
  languageName: node
  linkType: hard

"strip-json-comments@npm:~2.0.1":
  version: 2.0.1
  resolution: "strip-json-comments@npm:2.0.1"
  checksum: e60d99aa2849c27a04dce0620334f45822197df6b83664dd3746971e9a0a766d989dbb8d87f9cb7350725d2b5df401a2343222ad06e36a1ba7d62c6633267fcb
  languageName: node
  linkType: hard

"supports-color@npm:^5.3.0":
  version: 5.5.0
  resolution: "supports-color@npm:5.5.0"
  dependencies:
    has-flag: ^3.0.0
  checksum: edacee6425498440744c418be94b0660181aad2a1828bcf2be85c42bd385da2fd8b2b358d9b62b0c5b03ff5cd3e992458d7b8f879d9fb42f2201fe05a4848a29
  languageName: node
  linkType: hard

"term-size@npm:^1.2.0":
  version: 1.2.0
  resolution: "term-size@npm:1.2.0"
  dependencies:
    execa: ^0.7.0
  checksum: 3620b140f84262fefbae5264ee9872cc5e26b05250050d379fb7dd2f123d2b9a49e329c3da4333cd4f9e5855689b10f7d18d0a962f42c4ed6369affb28dcefbb
  languageName: node
  linkType: hard

"update-check@npm:1.5.2":
  version: 1.5.2
  resolution: "update-check@npm:1.5.2"
  dependencies:
    registry-auth-token: 3.3.2
    registry-url: 3.1.0
  checksum: b2dd841107f79ba6a5fb9c5cfe46ef3485c04fc958e88f6893b9951732fefc4815cfb2e4bb507ad39eaf02c485d9e0f0778c089a220ac510c374b206bee63063
  languageName: node
  linkType: hard

"uri-js@npm:^4.2.2":
  version: 4.2.2
  resolution: "uri-js@npm:4.2.2"
  dependencies:
    punycode: ^2.1.0
  checksum: 651a49f55d6d65a15e589ed5ffa23bf99e495699e246c1c3fecbe6f232c675589fdae4e93a88608525ff130f39b6fb854c19982820813a2d94c005c11eafd7ed
  languageName: node
  linkType: hard

"vary@npm:~1.1.2":
  version: 1.1.2
  resolution: "vary@npm:1.1.2"
  checksum: 591f059f727ac1ba0d97cb7767f8583a03fcbb07db7be2b7dce838ede520ec0e958a41cb19077054769077fdc49a9b9a2dc391c83426bfee89c054b8cc7404bf
  languageName: node
  linkType: hard

"which@npm:^1.2.9":
  version: 1.3.1
  resolution: "which@npm:1.3.1"
  dependencies:
    isexe: ^2.0.0
  bin:
    which: ./bin/which
  checksum: 298d95f9c185c4da22c1bfb1fdfa37c2ba56df8a6b98706ab361bf31a7d3a4845afaecfc48d4de7a259048842b5f2977f51b56f5c06c1f6a83dcf5a9e3de634a
  languageName: node
  linkType: hard

"widest-line@npm:^2.0.0":
  version: 2.0.1
  resolution: "widest-line@npm:2.0.1"
  dependencies:
    string-width: ^2.1.1
  checksum: dd98e47483dd3c5c2cc5515d576f386d0a42c11d3841bdd5040aeb819a2c84735a0cc65d3a3c9f9c000425c09678092d37d6d670c05192313ad7fdfd6111883f
  languageName: node
  linkType: hard

"yallist@npm:^2.1.2":
  version: 2.1.2
  resolution: "yallist@npm:2.1.2"
  checksum: f83e3d18eeba68a0276be2ab09260be3f2a300307e84b1565c620ef71f03f106c3df9bec4c3a91e5fa621a038f8826c19b3786804d3795dd4f999e5b6be66ea3
  languageName: node
  linkType: hard
